
Microsoft Visual Studio Solution File, Format Version 12.00
# Visual Studio 2013
VisualStudioVersion = 12.0.21005.1
MinimumVisualStudioVersion = 10.0.40219.1
Project("{FAE04EC0-301F-11D3-BF4B-00C04F79EFBC}") = "TimerLogicLayer", "TimerLogicLayer\TimerLogicLayer.csproj", "{D3551BE8-658B-4BF5-8377-9C0BD096E23F}"
EndProject
Project("{FAE04EC0-301F-11D3-BF4B-00C04F79EFBC}") = "Handler1", "Handler1\Handler1.csproj", "{CCAA926A-CEEB-41F0-A5C2-73528F619CE6}"
EndProject
Project("{FAE04EC0-301F-11D3-BF4B-00C04F79EFBC}") = "Handler2", "Handler2\Handler2.csproj", "{514AB63D-137B-4378-9ECE-4A28627D7058}"
EndProject
Project("{FAE04EC0-301F-11D3-BF4B-00C04F79EFBC}") = "TimerConsole", "TimerConsole\TimerConsole.csproj", "{63FA5C69-A0B8-42C9-8637-DFC332404E55}"
EndProject
Project("{2150E333-8FDC-42A3-9474-1A3956D46DE8}") = "Timer", "Timer", "{E31239BE-8194-4F6E-894E-BCC06CD5A340}"
EndProject
Project("{FAE04EC0-301F-11D3-BF4B-00C04F79EFBC}") = "BookLogicLayer", "BookLogicLayer\BookLogicLayer.csproj", "{37D2EC84-3D86-4F99-A67F-6266ABE8555C}"
EndProject
Project("{2150E333-8FDC-42A3-9474-1A3956D46DE8}") = "Book", "Book", "{1A647C76-117E-48B6-A413-4CAC5106C825}"
EndProject
Project("{FAE04EC0-301F-11D3-BF4B-00C04F79EFBC}") = "BookRepositoryInterface", "BookRepositoryInterface\BookRepositoryInterface.csproj", "{6019B4FB-7106-4BEC-AA74-B60F1EBD446B}"
EndProject
Project("{FAE04EC0-301F-11D3-BF4B-00C04F79EFBC}") = "FileRepository", "FileRepository\FileRepository.csproj", "{AA71B9A0-D2C4-458E-A3AA-DF4F7DD91B9D}"
EndProject
Project("{FAE04EC0-301F-11D3-BF4B-00C04F79EFBC}") = "BookListServiceLogicLayer", "BookListServiceLogicLayer\BookListServiceLogicLayer.csproj", "{08E9D6FE-BAE7-49CD-8F18-CF390A1FE8E2}"
EndProject
Project("{FAE04EC0-301F-11D3-BF4B-00C04F79EFBC}") = "ConsoleApplication1", "ConsoleApplication1\ConsoleApplication1.csproj", "{1153E192-7946-409E-9485-D2CA1D3D3EEA}"
EndProject
Project("{FAE04EC0-301F-11D3-BF4B-00C04F79EFBC}") = "SortMatrix", "SortMatrix\SortMatrix.csproj", "{D85EF132-9736-47AB-9681-A3289DA083AD}"
EndProject
Project("{FAE04EC0-301F-11D3-BF4B-00C04F79EFBC}") = "InterfaceCompare", "InterfaceSort\InterfaceCompare.csproj", "{8F330AAB-D93C-4972-B5C6-F8FB9E985AA5}"
EndProject
Project("{FAE04EC0-301F-11D3-BF4B-00C04F79EFBC}") = "CompareLogic", "CompareLogic\CompareLogic.csproj", "{3B83BE7B-B2FA-4F8C-A88B-073E88CF90A4}"
EndProject
Project("{2150E333-8FDC-42A3-9474-1A3956D46DE8}") = "SortArray", "SortArray", "{FA05A4C6-E8F3-4B48-A452-28237516CD89}"
EndProject
Project("{FAE04EC0-301F-11D3-BF4B-00C04F79EFBC}") = "SortArrayUnitTest", "UnitTestProject1\SortArrayUnitTest.csproj", "{53232030-F137-4476-A5AF-1A944781D49B}"
EndProject
Project("{FAE04EC0-301F-11D3-BF4B-00C04F79EFBC}") = "DelegateCompareLogic", "DelegateCompare\DelegateCompareLogic.csproj", "{D60D8D22-8245-420E-AA20-4244F2DCBF23}"
EndProject
Project("{FAE04EC0-301F-11D3-BF4B-00C04F79EFBC}") = "LogInterface", "LogInterface\LogInterface.csproj", "{BA93B836-D228-44E0-ABDC-CE112BB7DE05}"
EndProject
Global
	GlobalSection(SolutionConfigurationPlatforms) = preSolution
		Debug|Any CPU = Debug|Any CPU
		Release|Any CPU = Release|Any CPU
	EndGlobalSection
	GlobalSection(ProjectConfigurationPlatforms) = postSolution
		{D3551BE8-658B-4BF5-8377-9C0BD096E23F}.Debug|Any CPU.ActiveCfg = Debug|Any CPU
		{D3551BE8-658B-4BF5-8377-9C0BD096E23F}.Debug|Any CPU.Build.0 = Debug|Any CPU
		{D3551BE8-658B-4BF5-8377-9C0BD096E23F}.Release|Any CPU.ActiveCfg = Release|Any CPU
		{D3551BE8-658B-4BF5-8377-9C0BD096E23F}.Release|Any CPU.Build.0 = Release|Any CPU
		{CCAA926A-CEEB-41F0-A5C2-73528F619CE6}.Debug|Any CPU.ActiveCfg = Debug|Any CPU
		{CCAA926A-CEEB-41F0-A5C2-73528F619CE6}.Debug|Any CPU.Build.0 = Debug|Any CPU
		{CCAA926A-CEEB-41F0-A5C2-73528F619CE6}.Release|Any CPU.ActiveCfg = Release|Any CPU
		{CCAA926A-CEEB-41F0-A5C2-73528F619CE6}.Release|Any CPU.Build.0 = Release|Any CPU
		{514AB63D-137B-4378-9ECE-4A28627D7058}.Debug|Any CPU.ActiveCfg = Debug|Any CPU
		{514AB63D-137B-4378-9ECE-4A28627D7058}.Debug|Any CPU.Build.0 = Debug|Any CPU
		{514AB63D-137B-4378-9ECE-4A28627D7058}.Release|Any CPU.ActiveCfg = Release|Any CPU
		{514AB63D-137B-4378-9ECE-4A28627D7058}.Release|Any CPU.Build.0 = Release|Any CPU
		{63FA5C69-A0B8-42C9-8637-DFC332404E55}.Debug|Any CPU.ActiveCfg = Debug|Any CPU
		{63FA5C69-A0B8-42C9-8637-DFC332404E55}.Debug|Any CPU.Build.0 = Debug|Any CPU
		{63FA5C69-A0B8-42C9-8637-DFC332404E55}.Release|Any CPU.ActiveCfg = Release|Any CPU
		{63FA5C69-A0B8-42C9-8637-DFC332404E55}.Release|Any CPU.Build.0 = Release|Any CPU
		{37D2EC84-3D86-4F99-A67F-6266ABE8555C}.Debug|Any CPU.ActiveCfg = Debug|Any CPU
		{37D2EC84-3D86-4F99-A67F-6266ABE8555C}.Debug|Any CPU.Build.0 = Debug|Any CPU
		{37D2EC84-3D86-4F99-A67F-6266ABE8555C}.Release|Any CPU.ActiveCfg = Release|Any CPU
		{37D2EC84-3D86-4F99-A67F-6266ABE8555C}.Release|Any CPU.Build.0 = Release|Any CPU
		{6019B4FB-7106-4BEC-AA74-B60F1EBD446B}.Debug|Any CPU.ActiveCfg = Debug|Any CPU
		{6019B4FB-7106-4BEC-AA74-B60F1EBD446B}.Debug|Any CPU.Build.0 = Debug|Any CPU
		{6019B4FB-7106-4BEC-AA74-B60F1EBD446B}.Release|Any CPU.ActiveCfg = Release|Any CPU
		{6019B4FB-7106-4BEC-AA74-B60F1EBD446B}.Release|Any CPU.Build.0 = Release|Any CPU
		{AA71B9A0-D2C4-458E-A3AA-DF4F7DD91B9D}.Debug|Any CPU.ActiveCfg = Debug|Any CPU
		{AA71B9A0-D2C4-458E-A3AA-DF4F7DD91B9D}.Debug|Any CPU.Build.0 = Debug|Any CPU
		{AA71B9A0-D2C4-458E-A3AA-DF4F7DD91B9D}.Release|Any CPU.ActiveCfg = Release|Any CPU
		{AA71B9A0-D2C4-458E-A3AA-DF4F7DD91B9D}.Release|Any CPU.Build.0 = Release|Any CPU
		{08E9D6FE-BAE7-49CD-8F18-CF390A1FE8E2}.Debug|Any CPU.ActiveCfg = Debug|Any CPU
		{08E9D6FE-BAE7-49CD-8F18-CF390A1FE8E2}.Debug|Any CPU.Build.0 = Debug|Any CPU
		{08E9D6FE-BAE7-49CD-8F18-CF390A1FE8E2}.Release|Any CPU.ActiveCfg = Release|Any CPU
		{08E9D6FE-BAE7-49CD-8F18-CF390A1FE8E2}.Release|Any CPU.Build.0 = Release|Any CPU
		{1153E192-7946-409E-9485-D2CA1D3D3EEA}.Debug|Any CPU.ActiveCfg = Debug|Any CPU
		{1153E192-7946-409E-9485-D2CA1D3D3EEA}.Debug|Any CPU.Build.0 = Debug|Any CPU
		{1153E192-7946-409E-9485-D2CA1D3D3EEA}.Release|Any CPU.ActiveCfg = Release|Any CPU
		{1153E192-7946-409E-9485-D2CA1D3D3EEA}.Release|Any CPU.Build.0 = Release|Any CPU
		{D85EF132-9736-47AB-9681-A3289DA083AD}.Debug|Any CPU.ActiveCfg = Debug|Any CPU
		{D85EF132-9736-47AB-9681-A3289DA083AD}.Debug|Any CPU.Build.0 = Debug|Any CPU
		{D85EF132-9736-47AB-9681-A3289DA083AD}.Release|Any CPU.ActiveCfg = Release|Any CPU
		{D85EF132-9736-47AB-9681-A3289DA083AD}.Release|Any CPU.Build.0 = Release|Any CPU
		{8F330AAB-D93C-4972-B5C6-F8FB9E985AA5}.Debug|Any CPU.ActiveCfg = Debug|Any CPU
		{8F330AAB-D93C-4972-B5C6-F8FB9E985AA5}.Debug|Any CPU.Build.0 = Debug|Any CPU
		{8F330AAB-D93C-4972-B5C6-F8FB9E985AA5}.Release|Any CPU.ActiveCfg = Release|Any CPU
		{8F330AAB-D93C-4972-B5C6-F8FB9E985AA5}.Release|Any CPU.Build.0 = Release|Any CPU
		{3B83BE7B-B2FA-4F8C-A88B-073E88CF90A4}.Debug|Any CPU.ActiveCfg = Debug|Any CPU
		{3B83BE7B-B2FA-4F8C-A88B-073E88CF90A4}.Debug|Any CPU.Build.0 = Debug|Any CPU
		{3B83BE7B-B2FA-4F8C-A88B-073E88CF90A4}.Release|Any CPU.ActiveCfg = Release|Any CPU
		{3B83BE7B-B2FA-4F8C-A88B-073E88CF90A4}.Release|Any CPU.Build.0 = Release|Any CPU
		{53232030-F137-4476-A5AF-1A944781D49B}.Debug|Any CPU.ActiveCfg = Debug|Any CPU
		{53232030-F137-4476-A5AF-1A944781D49B}.Debug|Any CPU.Build.0 = Debug|Any CPU
		{53232030-F137-4476-A5AF-1A944781D49B}.Release|Any CPU.ActiveCfg = Release|Any CPU
		{53232030-F137-4476-A5AF-1A944781D49B}.Release|Any CPU.Build.0 = Release|Any CPU
		{D60D8D22-8245-420E-AA20-4244F2DCBF23}.Debug|Any CPU.ActiveCfg = Debug|Any CPU
		{D60D8D22-8245-420E-AA20-4244F2DCBF23}.Debug|Any CPU.Build.0 = Debug|Any CPU
		{D60D8D22-8245-420E-AA20-4244F2DCBF23}.Release|Any CPU.ActiveCfg = Release|Any CPU
		{D60D8D22-8245-420E-AA20-4244F2DCBF23}.Release|Any CPU.Build.0 = Release|Any CPU
		{BA93B836-D228-44E0-ABDC-CE112BB7DE05}.Debug|Any CPU.ActiveCfg = Debug|Any CPU
		{BA93B836-D228-44E0-ABDC-CE112BB7DE05}.Debug|Any CPU.Build.0 = Debug|Any CPU
		{BA93B836-D228-44E0-ABDC-CE112BB7DE05}.Release|Any CPU.ActiveCfg = Release|Any CPU
		{BA93B836-D228-44E0-ABDC-CE112BB7DE05}.Release|Any CPU.Build.0 = Release|Any CPU
	EndGlobalSection
	GlobalSection(SolutionProperties) = preSolution
		HideSolutionNode = FALSE
	EndGlobalSection
	GlobalSection(NestedProjects) = preSolution
		{CCAA926A-CEEB-41F0-A5C2-73528F619CE6} = {E31239BE-8194-4F6E-894E-BCC06CD5A340}
		{514AB63D-137B-4378-9ECE-4A28627D7058} = {E31239BE-8194-4F6E-894E-BCC06CD5A340}
		{63FA5C69-A0B8-42C9-8637-DFC332404E55} = {E31239BE-8194-4F6E-894E-BCC06CD5A340}
		{D3551BE8-658B-4BF5-8377-9C0BD096E23F} = {E31239BE-8194-4F6E-894E-BCC06CD5A340}
		{37D2EC84-3D86-4F99-A67F-6266ABE8555C} = {1A647C76-117E-48B6-A413-4CAC5106C825}
		{6019B4FB-7106-4BEC-AA74-B60F1EBD446B} = {1A647C76-117E-48B6-A413-4CAC5106C825}
		{AA71B9A0-D2C4-458E-A3AA-DF4F7DD91B9D} = {1A647C76-117E-48B6-A413-4CAC5106C825}
		{08E9D6FE-BAE7-49CD-8F18-CF390A1FE8E2} = {1A647C76-117E-48B6-A413-4CAC5106C825}
		{1153E192-7946-409E-9485-D2CA1D3D3EEA} = {1A647C76-117E-48B6-A413-4CAC5106C825}
		{BA93B836-D228-44E0-ABDC-CE112BB7DE05} = {1A647C76-117E-48B6-A413-4CAC5106C825}
		{8F330AAB-D93C-4972-B5C6-F8FB9E985AA5} = {FA05A4C6-E8F3-4B48-A452-28237516CD89}
		{3B83BE7B-B2FA-4F8C-A88B-073E88CF90A4} = {FA05A4C6-E8F3-4B48-A452-28237516CD89}
		{D85EF132-9736-47AB-9681-A3289DA083AD} = {FA05A4C6-E8F3-4B48-A452-28237516CD89}
		{53232030-F137-4476-A5AF-1A944781D49B} = {FA05A4C6-E8F3-4B48-A452-28237516CD89}
		{D60D8D22-8245-420E-AA20-4244F2DCBF23} = {FA05A4C6-E8F3-4B48-A452-28237516CD89}
	EndGlobalSection
EndGlobal
